
Microsoft Visual Studio Solution File, Format Version 12.00
# Visual Studio 2012
Project("{FAE04EC0-301F-11D3-BF4B-00C04F79EFBC}") = "PiDock", "PiDock\PiDock.csproj", "{C9270A69-5206-4ACE-A02A-597A94C5D806}"
EndProject
Project("{FAE04EC0-301F-11D3-BF4B-00C04F79EFBC}") = "LibDRM.Net", "LibDRM.Net\LibDRM.Net.csproj", "{0353DE9F-AA9E-429B-A81B-6614EF185095}"
EndProject
Global
	GlobalSection(SolutionConfigurationPlatforms) = preSolution
		Debug|x86 = Debug|x86
		Release|x86 = Release|x86
	EndGlobalSection
	GlobalSection(ProjectConfigurationPlatforms) = postSolution
		{0353DE9F-AA9E-429B-A81B-6614EF185095}.Debug|x86.ActiveCfg = Debug|Any CPU
		{0353DE9F-AA9E-429B-A81B-6614EF185095}.Debug|x86.Build.0 = Debug|Any CPU
		{0353DE9F-AA9E-429B-A81B-6614EF185095}.Release|x86.ActiveCfg = Release|Any CPU
		{0353DE9F-AA9E-429B-A81B-6614EF185095}.Release|x86.Build.0 = Release|Any CPU
		{C9270A69-5206-4ACE-A02A-597A94C5D806}.Debug|x86.ActiveCfg = Debug|x86
		{C9270A69-5206-4ACE-A02A-597A94C5D806}.Debug|x86.Build.0 = Debug|x86
		{C9270A69-5206-4ACE-A02A-597A94C5D806}.Release|x86.ActiveCfg = Release|x86
		{C9270A69-5206-4ACE-A02A-597A94C5D806}.Release|x86.Build.0 = Release|x86
	EndGlobalSection
EndGlobal
